
Microsoft Visual Studio Solution File, Format Version 12.00
# Visual Studio Version 17
VisualStudioVersion = 17.14.36518.9 d17.14
MinimumVisualStudioVersion = 10.0.40219.1
Project("{FAE04EC0-301F-11D3-BF4B-00C04F79EFBC}") = "App", "App.csproj", "{70B58E2F-63F8-4FB3-8BC1-3B7B53040630}"
EndProject
Global
	GlobalSection(SolutionConfigurationPlatforms) = preSolution
		Debug|Any CPU = Debug|Any CPU
		Release|Any CPU = Release|Any CPU
	EndGlobalSection
	GlobalSection(ProjectConfigurationPlatforms) = postSolution
		{70B58E2F-63F8-4FB3-8BC1-3B7B53040630}.Debug|Any CPU.ActiveCfg = Debug|Any CPU
		{70B58E2F-63F8-4FB3-8BC1-3B7B53040630}.Debug|Any CPU.Build.0 = Debug|Any CPU
		{70B58E2F-63F8-4FB3-8BC1-3B7B53040630}.Release|Any CPU.ActiveCfg = Release|Any CPU
		{70B58E2F-63F8-4FB3-8BC1-3B7B53040630}.Release|Any CPU.Build.0 = Release|Any CPU
	EndGlobalSection
	GlobalSection(SolutionProperties) = preSolution
		HideSolutionNode = FALSE
	EndGlobalSection
	GlobalSection(ExtensibilityGlobals) = postSolution
		SolutionGuid = {B2413240-E66D-4D3F-8EB9-A9C9D7B0098F}
	EndGlobalSection
EndGlobal
